{
  "originHash" : "b2be7cf63ebbd239c5e4c21fcdbce60d67400fbc6fea658a26a69954a39b6acf",
  "pins" : [
    {
      "identity" : "bumperbowling",
      "kind" : "remoteSourceControl",
      "location" : "https://github.com/RoyalPineapple/BumperBowling.git",
      "state" : {
        "branch" : "main",
        "revision" : "8a0725ff6aa86727745c1547abfbc2930b3f08dc"
      }
    },
    {
      "identity" : "swift-syntax",
      "kind" : "remoteSourceControl",
      "location" : "https://github.com/swiftlang/swift-syntax.git",
      "state" : {
        "revision" : "79e4b74a295b6eb74a8b585e3a39d29e70c1dbd1",
        "version" : "603.0.2"
      }
    },
    {
      "identity" : "zipfoundation",
      "kind" : "remoteSourceControl",
      "location" : "https://github.com/weichsel/ZIPFoundation",
      "state" : {
        "revision" : "22787ffb59de99e5dc1fbfe80b19c97a904ad48d",
        "version" : "0.9.20"
      }
    }
  ],
  "version" : 3
}
